
Microsoft Visual Studio Solution File, Format Version 12.00
# Visual Studio Version 17
VisualStudioVersion = 17.11.35222.181
MinimumVisualStudioVersion = 10.0.40219.1
Project("{FAE04EC0-301F-11D3-BF4B-00C04F79EFBC}") = "HugLife", "HugLife\HugLife.csproj", "{F9D6EE0E-0A50-4DB9-8A49-7E63EAD432E6}"
EndProject
Global
	GlobalSection(SolutionConfigurationPlatforms) = preSolution
		Debug|Any CPU = Debug|Any CPU
		Release|Any CPU = Release|Any CPU
	EndGlobalSection
	GlobalSection(ProjectConfigurationPlatforms) = postSolution
		{F9D6EE0E-0A50-4DB9-8A49-7E63EAD432E6}.Debug|Any CPU.ActiveCfg = Debug|Any CPU
		{F9D6EE0E-0A50-4DB9-8A49-7E63EAD432E6}.Debug|Any CPU.Build.0 = Debug|Any CPU
		{F9D6EE0E-0A50-4DB9-8A49-7E63EAD432E6}.Release|Any CPU.ActiveCfg = Release|Any CPU
		{F9D6EE0E-0A50-4DB9-8A49-7E63EAD432E6}.Release|Any CPU.Build.0 = Release|Any CPU
	EndGlobalSection
	GlobalSection(SolutionProperties) = preSolution
		HideSolutionNode = FALSE
	EndGlobalSection
	GlobalSection(ExtensibilityGlobals) = postSolution
		SolutionGuid = {A9A22F3B-7D11-482D-81E4-D42238E88899}
	EndGlobalSection
EndGlobal
